// !$*UTF8*$!
{
	archiveVersion = 1;
	classes = {
	};
	objectVersion = 77;
	objects = {

/* Begin PBXContainerItemProxy section */
		AB7FFE8F2CE27654000633BE /* PBXContainerItemProxy */ = {
			isa = PBXContainerItemProxy;
			containerPortal = AB7FFE6D2CE27652000633BE /* Project object */;
			proxyType = 1;
			remoteGlobalIDString = AB7FFE742CE27652000633BE;
			remoteInfo = staticInfoMiniAppVintartas;
		};
		AB7FFE992CE27654000633BE /* PBXContainerItemProxy */ = {
			isa = PBXContainerItemProxy;
			containerPortal = AB7FFE6D2CE27652000633BE /* Project object */;
			proxyType = 1;
			remoteGlobalIDString = AB7FFE742CE27652000633BE;
			remoteInfo = staticInfoMiniAppVintartas;
		};
/* End PBXContainerItemProxy section */

/* Begin PBXFileReference section */
		AB7FFE752CE27652000633BE /* staticInfoMiniAppVintartas.app */ = {isa = PBXFileReference; explicitFileType = wrapper.application; includeInIndex = 0; path = staticInfoMiniAppVintartas.app; sourceTree = BUILT_PRODUCTS_DIR; };
		AB7FFE8E2CE27654000633BE /* staticInfoMiniAppVintartasTests.xctest */ = {isa = PBXFileReference; explicitFileType = wrapper.cfbundle; includeInIndex = 0; path = staticInfoMiniAppVintartasTests.xctest; sourceTree = BUILT_PRODUCTS_DIR; };
		AB7FFE982CE27654000633BE /* staticInfoMiniAppVintartasUITests.xctest */ = {isa = PBXFileReference; explicitFileType = wrapper.cfbundle; includeInIndex = 0; path = staticInfoMiniAppVintartasUITests.xctest; sourceTree = BUILT_PRODUCTS_DIR; };
/* End PBXFileReference section */

/* Begin PBXFileSystemSynchronizedBuildFileExceptionSet section */
		AB7FFEA02CE27654000633BE /* Exceptions for "staticInfoMiniAppVintartas" folder in "staticInfoMiniAppVintartas" target */ = {
			isa = PBXFileSystemSynchronizedBuildFileExceptionSet;
			membershipExceptions = (
				Info.plist,
			);
			target = AB7FFE742CE27652000633BE /* staticInfoMiniAppVintartas */;
		};
/* End PBXFileSystemSynchronizedBuildFileExceptionSet section */

/* Begin PBXFileSystemSynchronizedRootGroup section */
		AB7FFE772CE27652000633BE /* staticInfoMiniAppVintartas */ = {
			isa = PBXFileSystemSynchronizedRootGroup;
			exceptions = (
				AB7FFEA02CE27654000633BE /* Exceptions for "staticInfoMiniAppVintartas" folder in "staticInfoMiniAppVintartas" target */,
			);
			path = staticInfoMiniAppVintartas;
			sourceTree = "<group>";
		};
		AB7FFE912CE27654000633BE /* staticInfoMiniAppVintartasTests */ = {
			isa = PBXFileSystemSynchronizedRootGroup;
			path = staticInfoMiniAppVintartasTests;
			sourceTree = "<group>";
		};
		AB7FFE9B2CE27654000633BE /* staticInfoMiniAppVintartasUITests */ = {
			isa = PBXFileSystemSynchronizedRootGroup;
			path = staticInfoMiniAppVintartasUITests;
			sourceTree = "<group>";
		};
/* End PBXFileSystemSynchronizedRootGroup section */

/* Begin PBXFrameworksBuildPhase section */
		AB7FFE722CE27652000633BE /* Frameworks */ = {
			isa = PBXFrameworksBuildPhase;
			buildActionMask = 2147483647;
			files = (
			);
			runOnlyForDeploymentPostprocessing = 0;
		};
		AB7FFE8B2CE27654000633BE /* Frameworks */ = {
			isa = PBXFrameworksBuildPhase;
			buildActionMask = 2147483647;
			files = (
			);
			runOnlyForDeploymentPostprocessing = 0;
		};
		AB7FFE952CE27654000633BE /* Frameworks */ = {
			isa = PBXFrameworksBuildPhase;
			buildActionMask = 2147483647;
			files = (
			);
			runOnlyForDeploymentPostprocessing = 0;
		};
/* End PBXFrameworksBuildPhase section */

/* Begin PBXGroup section */
		AB7FFE6C2CE27652000633BE = {
			isa = PBXGroup;
			children = (
				AB7FFE772CE27652000633BE /* staticInfoMiniAppVintartas */,
				AB7FFE912CE27654000633BE /* staticInfoMiniAppVintartasTests */,
				AB7FFE9B2CE27654000633BE /* staticInfoMiniAppVintartasUITests */,
				AB7FFE762CE27652000633BE /* Products */,
			);
			sourceTree = "<group>";
		};
		AB7FFE762CE27652000633BE /* Products */ = {
			isa = PBXGroup;
			children = (
				AB7FFE752CE27652000633BE /* staticInfoMiniAppVintartas.app */,
				AB7FFE8E2CE27654000633BE /* staticInfoMiniAppVintartasTests.xctest */,
				AB7FFE982CE27654000633BE /* staticInfoMiniAppVintartasUITests.xctest */,
			);
			name = Products;
			sourceTree = "<group>";
		};
/* End PBXGroup section */

/* Begin PBXNativeTarget section */
		AB7FFE742CE27652000633BE /* staticInfoMiniAppVintartas */ = {
			isa = PBXNativeTarget;
			buildConfigurationList = AB7FFEA12CE27654000633BE /* Build configuration list for PBXNativeTarget "staticInfoMiniAppVintartas" */;
			buildPhases = (
				AB7FFE712CE27652000633BE /* Sources */,
				AB7FFE722CE27652000633BE /* Frameworks */,
				AB7FFE732CE27652000633BE /* Resources */,
			);
			buildRules = (
			);
			dependencies = (
			);
			fileSystemSynchronizedGroups = (
				AB7FFE772CE27652000633BE /* staticInfoMiniAppVintartas */,
			);
			name = staticInfoMiniAppVintartas;
			packageProductDependencies = (
			);
			productName = staticInfoMiniAppVintartas;
			productReference = AB7FFE752CE27652000633BE /* staticInfoMiniAppVintartas.app */;
			productType = "com.apple.product-type.application";
		};
		AB7FFE8D2CE27654000633BE /* staticInfoMiniAppVintartasTests */ = {
			isa = PBXNativeTarget;
			buildConfigurationList = AB7FFEA62CE27654000633BE /* Build configuration list for PBXNativeTarget "staticInfoMiniAppVintartasTests" */;
			buildPhases = (
				AB7FFE8A2CE27654000633BE /* Sources */,
				AB7FFE8B2CE27654000633BE /* Frameworks */,
				AB7FFE8C2CE27654000633BE /* Resources */,
			);
			buildRules = (
			);
			dependencies = (
				AB7FFE902CE27654000633BE /* PBXTargetDependency */,
			);
			fileSystemSynchronizedGroups = (
				AB7FFE912CE27654000633BE /* staticInfoMiniAppVintartasTests */,
			);
			name = staticInfoMiniAppVintartasTests;
			packageProductDependencies = (
			);
			productName = staticInfoMiniAppVintartasTests;
			productReference = AB7FFE8E2CE27654000633BE /* staticInfoMiniAppVintartasTests.xctest */;
			productType = "com.apple.product-type.bundle.unit-test";
		};
		AB7FFE972CE27654000633BE /* staticInfoMiniAppVintartasUITests */ = {
			isa = PBXNativeTarget;
			buildConfigurationList = AB7FFEA92CE27654000633BE /* Build configuration list for PBXNativeTarget "staticInfoMiniAppVintartasUITests" */;
			buildPhases = (
				AB7FFE942CE27654000633BE /* Sources */,
				AB7FFE952CE27654000633BE /* Frameworks */,
				AB7FFE962CE27654000633BE /* Resources */,
			);
			buildRules = (
			);
			dependencies = (
				AB7FFE9A2CE27654000633BE /* PBXTargetDependency */,
			);
			fileSystemSynchronizedGroups = (
				AB7FFE9B2CE27654000633BE /* staticInfoMiniAppVintartasUITests */,
			);
			name = staticInfoMiniAppVintartasUITests;
			packageProductDependencies = (
			);
			productName = staticInfoMiniAppVintartasUITests;
			productReference = AB7FFE982CE27654000633BE /* staticInfoMiniAppVintartasUITests.xctest */;
			productType = "com.apple.product-type.bundle.ui-testing";
		};
/* End PBXNativeTarget section */

/* Begin PBXProject section */
		AB7FFE6D2CE27652000633BE /* Project object */ = {
			isa = PBXProject;
			attributes = {
				BuildIndependentTargetsInParallel = 1;
				LastSwiftUpdateCheck = 1610;
				LastUpgradeCheck = 1610;
				TargetAttributes = {
					AB7FFE742CE27652000633BE = {
						CreatedOnToolsVersion = 16.1;
					};
					AB7FFE8D2CE27654000633BE = {
						CreatedOnToolsVersion = 16.1;
						TestTargetID = AB7FFE742CE27652000633BE;
					};
					AB7FFE972CE27654000633BE = {
						CreatedOnToolsVersion = 16.1;
						TestTargetID = AB7FFE742CE27652000633BE;
					};
				};
			};
			buildConfigurationList = AB7FFE702CE27652000633BE /* Build configuration list for PBXProject "staticInfoMiniAppVintartas" */;
			developmentRegion = en;
			hasScannedForEncodings = 0;
			knownRegions = (
				en,
				Base,
			);
			mainGroup = AB7FFE6C2CE27652000633BE;
			minimizedProjectReferenceProxies = 1;
			preferredProjectObjectVersion = 77;
			productRefGroup = AB7FFE762CE27652000633BE /* Products */;
			projectDirPath = "";
			projectRoot = "";
			targets = (
				AB7FFE742CE27652000633BE /* staticInfoMiniAppVintartas */,
				AB7FFE8D2CE27654000633BE /* staticInfoMiniAppVintartasTests */,
				AB7FFE972CE27654000633BE /* staticInfoMiniAppVintartasUITests */,
			);
		};
/* End PBXProject section */

/* Begin PBXResourcesBuildPhase section */
		AB7FFE732CE27652000633BE /* Resources */ = {
			isa = PBXResourcesBuildPhase;
			buildActionMask = 2147483647;
			files = (
			);
			runOnlyForDeploymentPostprocessing = 0;
		};
		AB7FFE8C2CE27654000633BE /* Resources */ = {
			isa = PBXResourcesBuildPhase;
			buildActionMask = 2147483647;
			files = (
			);
			runOnlyForDeploymentPostprocessing = 0;
		};
		AB7FFE962CE27654000633BE /* Resources */ = {
			isa = PBXResourcesBuildPhase;
			buildActionMask = 2147483647;
			files = (
			);
			runOnlyForDeploymentPostprocessing = 0;
		};
/* End PBXResourcesBuildPhase section */

/* Begin PBXSourcesBuildPhase section */
		AB7FFE712CE27652000633BE /* Sources */ = {
			isa = PBXSourcesBuildPhase;
			buildActionMask = 2147483647;
			files = (
			);
			runOnlyForDeploymentPostprocessing = 0;
		};
		AB7FFE8A2CE27654000633BE /* Sources */ = {
			isa = PBXSourcesBuildPhase;
			buildActionMask = 2147483647;
			files = (
			);
			runOnlyForDeploymentPostprocessing = 0;
		};
		AB7FFE942CE27654000633BE /* Sources */ = {
			isa = PBXSourcesBuildPhase;
			buildActionMask = 2147483647;
			files = (
			);
			runOnlyForDeploymentPostprocessing = 0;
		};
/* End PBXSourcesBuildPhase section */

/* Begin PBXTargetDependency section */
		AB7FFE902CE27654000633BE /* PBXTargetDependency */ = {
			isa = PBXTargetDependency;
			target = AB7FFE742CE27652000633BE /* staticInfoMiniAppVintartas */;
			targetProxy = AB7FFE8F2CE27654000633BE /* PBXContainerItemProxy */;
		};
		AB7FFE9A2CE27654000633BE /* PBXTargetDependency */ = {
			isa = PBXTargetDependency;
			target = AB7FFE742CE27652000633BE /* staticInfoMiniAppVintartas */;
			targetProxy = AB7FFE992CE27654000633BE /* PBXContainerItemProxy */;
		};
/* End PBXTargetDependency section */

/* Begin XCBuildConfiguration section */
		AB7FFEA22CE27654000633BE /* Debug */ = {
			isa = XCBuildConfiguration;
			buildSettings = {
				ASSETCATALOG_COMPILER_APPICON_NAME = AppIcon;
				ASSETCATALOG_COMPILER_GLOBAL_ACCENT_COLOR_NAME = AccentColor;
				CODE_SIGN_STYLE = Automatic;
				CURRENT_PROJECT_VERSION = 1;
				DEVELOPMENT_TEAM = QZH5CK49UU;
				GENERATE_INFOPLIST_FILE = YES;
				INFOPLIST_FILE = staticInfoMiniAppVintartas/Info.plist;
				INFOPLIST_KEY_UIApplicationSupportsIndirectInputEvents = YES;
				INFOPLIST_KEY_UILaunchStoryboardName = LaunchScreen;
				INFOPLIST_KEY_UIMainStoryboardFile = Main;
				INFOPLIST_KEY_UISupportedInterfaceOrientations_iPad = "UIInterfaceOrientationPortrait UIInterfaceOrientationPortraitUpsideDown UIInterfaceOrientationLandscapeLeft UIInterfaceOrientationLandscapeRight";
				INFOPLIST_KEY_UISupportedInterfaceOrientations_iPhone = "UIInterfaceOrientationPortrait UIInterfaceOrientationLandscapeLeft UIInterfaceOrientationLandscapeRight";
				LD_RUNPATH_SEARCH_PATHS = (
					"$(inherited)",
					"@executable_path/Frameworks",
				);
				MARKETING_VERSION = 1.0;
				PRODUCT_BUNDLE_IDENTIFIER = clc.staticInfoMiniAppVintartas;
				PRODUCT_NAME = "$(TARGET_NAME)";
				SWIFT_EMIT_LOC_STRINGS = YES;
				SWIFT_VERSION = 5.0;
				TARGETED_DEVICE_FAMILY = "1,2";
			};
			name = Debug;
		};
		AB7FFEA32CE27654000633BE /* Release */ = {
			isa = XCBuildConfiguration;
			buildSettings = {
				ASSETCATALOG_COMPILER_APPICON_NAME = AppIcon;
				ASSETCATALOG_COMPILER_GLOBAL_ACCENT_COLOR_NAME = AccentColor;
				CODE_SIGN_STYLE = Automatic;
				CURRENT_PROJECT_VERSION = 1;
				DEVELOPMENT_TEAM = QZH5CK49UU;
				GENERATE_INFOPLIST_FILE = YES;
				INFOPLIST_FILE = staticInfoMiniAppVintartas/Info.plist;
				INFOPLIST_KEY_UIApplicationSupportsIndirectInputEvents = YES;
				INFOPLIST_KEY_UILaunchStoryboardName = LaunchScreen;
				INFOPLIST_KEY_UIMainStoryboardFile = Main;
				INFOPLIST_KEY_UISupportedInterfaceOrientations_iPad = "UIInterfaceOrientationPortrait UIInterfaceOrientationPortraitUpsideDown UIInterfaceOrientationLandscapeLeft UIInterfaceOrientationLandscapeRight";
				INFOPLIST_KEY_UISupportedInterfaceOrientations_iPhone = "UIInterfaceOrientationPortrait UIInterfaceOrientationLandscapeLeft UIInterfaceOrientationLandscapeRight";
				LD_RUNPATH_SEARCH_PATHS = (
					"$(inherited)",
					"@executable_path/Frameworks",
				);
				MARKETING_VERSION = 1.0;
				PRODUCT_BUNDLE_IDENTIFIER = clc.staticInfoMiniAppVintartas;
				PRODUCT_NAME = "$(TARGET_NAME)";
				SWIFT_EMIT_LOC_STRINGS = YES;
				SWIFT_VERSION = 5.0;
				TARGETED_DEVICE_FAMILY = "1,2";
			};
			name = Release;
		};
		AB7FFEA42CE27654000633BE /* Debug */ = {
			isa = XCBuildConfiguration;
			buildSettings = {
				ALWAYS_SEARCH_USER_PATHS = NO;
				ASSETCATALOG_COMPILER_GENERATE_SWIFT_ASSET_SYMBOL_EXTENSIONS = YES;
				CLANG_ANALYZER_NONNULL = YES;
				CLANG_ANALYZER_NUMBER_OBJECT_CONVERSION = YES_AGGRESSIVE;
				CLANG_CXX_LANGUAGE_STANDARD = "gnu++20";
				CLANG_ENABLE_MODULES = YES;
				CLANG_ENABLE_OBJC_ARC = YES;
				CLANG_ENABLE_OBJC_WEAK = YES;
				CLANG_WARN_BLOCK_CAPTURE_AUTORELEASING = YES;
				CLANG_WARN_BOOL_CONVERSION = YES;
				CLANG_WARN_COMMA = YES;
				CLANG_WARN_CONSTANT_CONVERSION = YES;
				CLANG_WARN_DEPRECATED_OBJC_IMPLEMENTATIONS = YES;
				CLANG_WARN_DIRECT_OBJC_ISA_USAGE = YES_ERROR;
				CLANG_WARN_DOCUMENTATION_COMMENTS = YES;
				CLANG_WARN_EMPTY_BODY = YES;
				CLANG_WARN_ENUM_CONVERSION = YES;
				CLANG_WARN_INFINITE_RECURSION = YES;
				CLANG_WARN_INT_CONVERSION = YES;
				CLANG_WARN_NON_LITERAL_NULL_CONVERSION = YES;
				CLANG_WARN_OBJC_IMPLICIT_RETAIN_SELF = YES;
				CLANG_WARN_OBJC_LITERAL_CONVERSION = YES;
				CLANG_WARN_OBJC_ROOT_CLASS = YES_ERROR;
				CLANG_WARN_QUOTED_INCLUDE_IN_FRAMEWORK_HEADER = YES;
				CLANG_WARN_RANGE_LOOP_ANALYSIS = YES;
				CLANG_WARN_STRICT_PROTOTYPES = YES;
				CLANG_WARN_SUSPICIOUS_MOVE = YES;
				CLANG_WARN_UNGUARDED_AVAILABILITY = YES_AGGRESSIVE;
				CLANG_WARN_UNREACHABLE_CODE = YES;
				CLANG_WARN__DUPLICATE_METHOD_MATCH = YES;
				COPY_PHASE_STRIP = NO;
				DEBUG_INFORMATION_FORMAT = dwarf;
				ENABLE_STRICT_OBJC_MSGSEND = YES;
				ENABLE_TESTABILITY = YES;
				ENABLE_USER_SCRIPT_SANDBOXING = YES;
				GCC_C_LANGUAGE_STANDARD = gnu17;
				GCC_DYNAMIC_NO_PIC = NO;
				GCC_NO_COMMON_BLOCKS = YES;
				GCC_OPTIMIZATION_LEVEL = 0;
				GCC_PREPROCESSOR_DEFINITIONS = (
					"DEBUG=1",
					"$(inherited)",
				);
				GCC_WARN_64_TO_32_BIT_CONVERSION = YES;
				GCC_WARN_ABOUT_RETURN_TYPE = YES_ERROR;
				GCC_WARN_UNDECLARED_SELECTOR = YES;
				GCC_WARN_UNINITIALIZED_AUTOS = YES_AGGRESSIVE;
				GCC_WARN_UNUSED_FUNCTION = YES;
				GCC_WARN_UNUSED_VARIABLE = YES;
				IPHONEOS_DEPLOYMENT_TARGET = 18.1;
				LOCALIZATION_PREFERS_STRING_CATALOGS = YES;
				MTL_ENABLE_DEBUG_INFO = INCLUDE_SOURCE;
				MTL_FAST_MATH = YES;
				ONLY_ACTIVE_ARCH = YES;
				SDKROOT = iphoneos;
				SWIFT_ACTIVE_COMPILATION_CONDITIONS = "DEBUG $(inherited)";
				SWIFT_OPTIMIZATION_LEVEL = "-Onone";
			};
			name = Debug;
		};
		AB7FFEA52CE27654000633BE /* Release */ = {
			isa = XCBuildConfiguration;
			buildSettings = {
				ALWAYS_SEARCH_USER_PATHS = NO;
				ASSETCATALOG_COMPILER_GENERATE_SWIFT_ASSET_SYMBOL_EXTENSIONS = YES;
				CLANG_ANALYZER_NONNULL = YES;
				CLANG_ANALYZER_NUMBER_OBJECT_CONVERSION = YES_AGGRESSIVE;
				CLANG_CXX_LANGUAGE_STANDARD = "gnu++20";
				CLANG_ENABLE_MODULES = YES;
				CLANG_ENABLE_OBJC_ARC = YES;
				CLANG_ENABLE_OBJC_WEAK = YES;
				CLANG_WARN_BLOCK_CAPTURE_AUTORELEASING = YES;
				CLANG_WARN_BOOL_CONVERSION = YES;
				CLANG_WARN_COMMA = YES;
				CLANG_WARN_CONSTANT_CONVERSION = YES;
				CLANG_WARN_DEPRECATED_OBJC_IMPLEMENTATIONS = YES;
				CLANG_WARN_DIRECT_OBJC_ISA_USAGE = YES_ERROR;
				CLANG_WARN_DOCUMENTATION_COMMENTS = YES;
				CLANG_WARN_EMPTY_BODY = YES;
				CLANG_WARN_ENUM_CONVERSION = YES;
				CLANG_WARN_INFINITE_RECURSION = YES;
				CLANG_WARN_INT_CONVERSION = YES;
				CLANG_WARN_NON_LITERAL_NULL_CONVERSION = YES;
				CLANG_WARN_OBJC_IMPLICIT_RETAIN_SELF = YES;
				CLANG_WARN_OBJC_LITERAL_CONVERSION = YES;
				CLANG_WARN_OBJC_ROOT_CLASS = YES_ERROR;
				CLANG_WARN_QUOTED_INCLUDE_IN_FRAMEWORK_HEADER = YES;
				CLANG_WARN_RANGE_LOOP_ANALYSIS = YES;
				CLANG_WARN_STRICT_PROTOTYPES = YES;
				CLANG_WARN_SUSPICIOUS_MOVE = YES;
				CLANG_WARN_UNGUARDED_AVAILABILITY = YES_AGGRESSIVE;
				CLANG_WARN_UNREACHABLE_CODE = YES;
				CLANG_WARN__DUPLICATE_METHOD_MATCH = YES;
				COPY_PHASE_STRIP = NO;
				DEBUG_INFORMATION_FORMAT = "dwarf-with-dsym";
				ENABLE_NS_ASSERTIONS = NO;
				ENABLE_STRICT_OBJC_MSGSEND = YES;
				ENABLE_USER_SCRIPT_SANDBOXING = YES;
				GCC_C_LANGUAGE_STANDARD = gnu17;
				GCC_NO_COMMON_BLOCKS = YES;
				GCC_WARN_64_TO_32_BIT_CONVERSION = YES;
				GCC_WARN_ABOUT_RETURN_TYPE = YES_ERROR;
				GCC_WARN_UNDECLARED_SELECTOR = YES;
				GCC_WARN_UNINITIALIZED_AUTOS = YES_AGGRESSIVE;
				GCC_WARN_UNUSED_FUNCTION = YES;
				GCC_WARN_UNUSED_VARIABLE = YES;
				IPHONEOS_DEPLOYMENT_TARGET = 18.1;
				LOCALIZATION_PREFERS_STRING_CATALOGS = YES;
				MTL_ENABLE_DEBUG_INFO = NO;
				MTL_FAST_MATH = YES;
				SDKROOT = iphoneos;
				SWIFT_COMPILATION_MODE = wholemodule;
				VALIDATE_PRODUCT = YES;
			};
			name = Release;
		};
		AB7FFEA72CE27654000633BE /* Debug */ = {
			isa = XCBuildConfiguration;
			buildSettings = {
				BUNDLE_LOADER = "$(TEST_HOST)";
				CODE_SIGN_STYLE = Automatic;
				CURRENT_PROJECT_VERSION = 1;
				DEVELOPMENT_TEAM = QZH5CK49UU;
				GENERATE_INFOPLIST_FILE = YES;
				IPHONEOS_DEPLOYMENT_TARGET = 18.1;
				MARKETING_VERSION = 1.0;
				PRODUCT_BUNDLE_IDENTIFIER = clc.staticInfoMiniAppVintartasTests;
				PRODUCT_NAME = "$(TARGET_NAME)";
				SWIFT_EMIT_LOC_STRINGS = NO;
				SWIFT_VERSION = 5.0;
				TARGETED_DEVICE_FAMILY = "1,2";
				TEST_HOST = "$(BUILT_PRODUCTS_DIR)/staticInfoMiniAppVintartas.app/$(BUNDLE_EXECUTABLE_FOLDER_PATH)/staticInfoMiniAppVintartas";
			};
			name = Debug;
		};
		AB7FFEA82CE27654000633BE /* Release */ = {
			isa = XCBuildConfiguration;
			buildSettings = {
				BUNDLE_LOADER = "$(TEST_HOST)";
				CODE_SIGN_STYLE = Automatic;
				CURRENT_PROJECT_VERSION = 1;
				DEVELOPMENT_TEAM = QZH5CK49UU;
				GENERATE_INFOPLIST_FILE = YES;
				IPHONEOS_DEPLOYMENT_TARGET = 18.1;
				MARKETING_VERSION = 1.0;
				PRODUCT_BUNDLE_IDENTIFIER = clc.staticInfoMiniAppVintartasTests;
				PRODUCT_NAME = "$(TARGET_NAME)";
				SWIFT_EMIT_LOC_STRINGS = NO;
				SWIFT_VERSION = 5.0;
				TARGETED_DEVICE_FAMILY = "1,2";
				TEST_HOST = "$(BUILT_PRODUCTS_DIR)/staticInfoMiniAppVintartas.app/$(BUNDLE_EXECUTABLE_FOLDER_PATH)/staticInfoMiniAppVintartas";
			};
			name = Release;
		};
		AB7FFEAA2CE27654000633BE /* Debug */ = {
			isa = XCBuildConfiguration;
			buildSettings = {
				CODE_SIGN_STYLE = Automatic;
				CURRENT_PROJECT_VERSION = 1;
				DEVELOPMENT_TEAM = QZH5CK49UU;
				GENERATE_INFOPLIST_FILE = YES;
				MARKETING_VERSION = 1.0;
				PRODUCT_BUNDLE_IDENTIFIER = clc.staticInfoMiniAppVintartasUITests;
				PRODUCT_NAME = "$(TARGET_NAME)";
				SWIFT_EMIT_LOC_STRINGS = NO;
				SWIFT_VERSION = 5.0;
				TARGETED_DEVICE_FAMILY = "1,2";
				TEST_TARGET_NAME = staticInfoMiniAppVintartas;
			};
			name = Debug;
		};
		AB7FFEAB2CE27654000633BE /* Release */ = {
			isa = XCBuildConfiguration;
			buildSettings = {
				CODE_SIGN_STYLE = Automatic;
				CURRENT_PROJECT_VERSION = 1;
				DEVELOPMENT_TEAM = QZH5CK49UU;
				GENERATE_INFOPLIST_FILE = YES;
				MARKETING_VERSION = 1.0;
				PRODUCT_BUNDLE_IDENTIFIER = clc.staticInfoMiniAppVintartasUITests;
				PRODUCT_NAME = "$(TARGET_NAME)";
				SWIFT_EMIT_LOC_STRINGS = NO;
				SWIFT_VERSION = 5.0;
				TARGETED_DEVICE_FAMILY = "1,2";
				TEST_TARGET_NAME = staticInfoMiniAppVintartas;
			};
			name = Release;
		};
/* End XCBuildConfiguration section */

/* Begin XCConfigurationList section */
		AB7FFE702CE27652000633BE /* Build configuration list for PBXProject "staticInfoMiniAppVintartas" */ = {
			isa = XCConfigurationList;
			buildConfigurations = (
				AB7FFEA42CE27654000633BE /* Debug */,
				AB7FFEA52CE27654000633BE /* Release */,
			);
			defaultConfigurationIsVisible = 0;
			defaultConfigurationName = Release;
		};
		AB7FFEA12CE27654000633BE /* Build configuration list for PBXNativeTarget "staticInfoMiniAppVintartas" */ = {
			isa = XCConfigurationList;
			buildConfigurations = (
				AB7FFEA22CE27654000633BE /* Debug */,
				AB7FFEA32CE27654000633BE /* Release */,
			);
			defaultConfigurationIsVisible = 0;
			defaultConfigurationName = Release;
		};
		AB7FFEA62CE27654000633BE /* Build configuration list for PBXNativeTarget "staticInfoMiniAppVintartasTests" */ = {
			isa = XCConfigurationList;
			buildConfigurations = (
				AB7FFEA72CE27654000633BE /* Debug */,
				AB7FFEA82CE27654000633BE /* Release */,
			);
			defaultConfigurationIsVisible = 0;
			defaultConfigurationName = Release;
		};
		AB7FFEA92CE27654000633BE /* Build configuration list for PBXNativeTarget "staticInfoMiniAppVintartasUITests" */ = {
			isa = XCConfigurationList;
			buildConfigurations = (
				AB7FFEAA2CE27654000633BE /* Debug */,
				AB7FFEAB2CE27654000633BE /* Release */,
			);
			defaultConfigurationIsVisible = 0;
			defaultConfigurationName = Release;
		};
/* End XCConfigurationList section */
	};
	rootObject = AB7FFE6D2CE27652000633BE /* Project object */;
}
